// !$*UTF8*$!
{
	archiveVersion = 1;
	classes = {
	};
	objectVersion = 55;
	objects = {

/* Begin PBXBuildFile section */
		6606CF4321D427BF8E3F1420 /* Pods_FlashChat.framework in Frameworks */ = {isa = PBXBuildFile; fileRef = 713D667CCEF33C29A6823B22 /* Pods_FlashChat.framework */; };
		8F0B6E0528CF0C69007DCD4E /* AppDelegate.swift in Sources */ = {isa = PBXBuildFile; fileRef = 8F0B6E0428CF0C69007DCD4E /* AppDelegate.swift */; };
		8F0B6E0728CF0C69007DCD4E /* SceneDelegate.swift in Sources */ = {isa = PBXBuildFile; fileRef = 8F0B6E0628CF0C69007DCD4E /* SceneDelegate.swift */; };
		8F0B6E0C28CF0C69007DCD4E /* Main.storyboard in Resources */ = {isa = PBXBuildFile; fileRef = 8F0B6E0A28CF0C69007DCD4E /* Main.storyboard */; };
		8F0B6E0E28CF0C6A007DCD4E /* Assets.xcassets in Resources */ = {isa = PBXBuildFile; fileRef = 8F0B6E0D28CF0C6A007DCD4E /* Assets.xcassets */; };
		8F0B6E1128CF0C6A007DCD4E /* LaunchScreen.storyboard in Resources */ = {isa = PBXBuildFile; fileRef = 8F0B6E0F28CF0C6A007DCD4E /* LaunchScreen.storyboard */; };
		8F0B6E2128CF3556007DCD4E /* LoginViewController.swift in Sources */ = {isa = PBXBuildFile; fileRef = 8F0B6E1D28CF3556007DCD4E /* LoginViewController.swift */; };
		8F0B6E2228CF3556007DCD4E /* WelcomeViewController.swift in Sources */ = {isa = PBXBuildFile; fileRef = 8F0B6E1E28CF3556007DCD4E /* WelcomeViewController.swift */; };
		8F0B6E2328CF3556007DCD4E /* ChatViewController.swift in Sources */ = {isa = PBXBuildFile; fileRef = 8F0B6E1F28CF3556007DCD4E /* ChatViewController.swift */; };
		8F0B6E2428CF3556007DCD4E /* RegisterViewController.swift in Sources */ = {isa = PBXBuildFile; fileRef = 8F0B6E2028CF3556007DCD4E /* RegisterViewController.swift */; };
		8F48E0B428D161C3000C1E62 /* GoogleService-Info.plist in Resources */ = {isa = PBXBuildFile; fileRef = 8F48E0B328D161C3000C1E62 /* GoogleService-Info.plist */; };
		8F6D286F28D157E200DBE004 /* FirebaseAuth in Frameworks */ = {isa = PBXBuildFile; productRef = 8F6D286E28D157E200DBE004 /* FirebaseAuth */; };
		8F6D287128D157E200DBE004 /* FirebaseFirestore in Frameworks */ = {isa = PBXBuildFile; productRef = 8F6D287028D157E200DBE004 /* FirebaseFirestore */; };
/* End PBXBuildFile section */

/* Begin PBXFileReference section */
		713D667CCEF33C29A6823B22 /* Pods_FlashChat.framework */ = {isa = PBXFileReference; explicitFileType = wrapper.framework; includeInIndex = 0; path = Pods_FlashChat.framework; sourceTree = BUILT_PRODUCTS_DIR; };
		8F0B6E0128CF0C69007DCD4E /* FlashChat.app */ = {isa = PBXFileReference; explicitFileType = wrapper.application; includeInIndex = 0; path = FlashChat.app; sourceTree = BUILT_PRODUCTS_DIR; };
		8F0B6E0428CF0C69007DCD4E /* AppDelegate.swift */ = {isa = PBXFileReference; lastKnownFileType = sourcecode.swift; path = AppDelegate.swift; sourceTree = "<group>"; };
		8F0B6E0628CF0C69007DCD4E /* SceneDelegate.swift */ = {isa = PBXFileReference; lastKnownFileType = sourcecode.swift; path = SceneDelegate.swift; sourceTree = "<group>"; };
		8F0B6E0B28CF0C69007DCD4E /* Base */ = {isa = PBXFileReference; lastKnownFileType = file.storyboard; name = Base; path = Base.lproj/Main.storyboard; sourceTree = "<group>"; };
		8F0B6E0D28CF0C6A007DCD4E /* Assets.xcassets */ = {isa = PBXFileReference; lastKnownFileType = folder.assetcatalog; path = Assets.xcassets; sourceTree = "<group>"; };
		8F0B6E1028CF0C6A007DCD4E /* Base */ = {isa = PBXFileReference; lastKnownFileType = file.storyboard; name = Base; path = Base.lproj/LaunchScreen.storyboard; sourceTree = "<group>"; };
		8F0B6E1228CF0C6A007DCD4E /* Info.plist */ = {isa = PBXFileReference; lastKnownFileType = text.plist.xml; path = Info.plist; sourceTree = "<group>"; };
		8F0B6E1D28CF3556007DCD4E /* LoginViewController.swift */ = {isa = PBXFileReference; fileEncoding = 4; lastKnownFileType = sourcecode.swift; path = LoginViewController.swift; sourceTree = "<group>"; };
		8F0B6E1E28CF3556007DCD4E /* WelcomeViewController.swift */ = {isa = PBXFileReference; fileEncoding = 4; lastKnownFileType = sourcecode.swift; path = WelcomeViewController.swift; sourceTree = "<group>"; };
		8F0B6E1F28CF3556007DCD4E /* ChatViewController.swift */ = {isa = PBXFileReference; fileEncoding = 4; lastKnownFileType = sourcecode.swift; path = ChatViewController.swift; sourceTree = "<group>"; };
		8F0B6E2028CF3556007DCD4E /* RegisterViewController.swift */ = {isa = PBXFileReference; fileEncoding = 4; lastKnownFileType = sourcecode.swift; path = RegisterViewController.swift; sourceTree = "<group>"; };
		8F48E0B328D161C3000C1E62 /* GoogleService-Info.plist */ = {isa = PBXFileReference; fileEncoding = 4; lastKnownFileType = text.plist.xml; path = "GoogleService-Info.plist"; sourceTree = "<group>"; };
		AF0ED95960C2C553BE5125D3 /* Pods-FlashChat.release.xcconfig */ = {isa = PBXFileReference; includeInIndex = 1; lastKnownFileType = text.xcconfig; name = "Pods-FlashChat.release.xcconfig"; path = "Target Support Files/Pods-FlashChat/Pods-FlashChat.release.xcconfig"; sourceTree = "<group>"; };
		DD90B74087943AEE35CBEB02 /* Pods-FlashChat.debug.xcconfig */ = {isa = PBXFileReference; includeInIndex = 1; lastKnownFileType = text.xcconfig; name = "Pods-FlashChat.debug.xcconfig"; path = "Target Support Files/Pods-FlashChat/Pods-FlashChat.debug.xcconfig"; sourceTree = "<group>"; };
/* End PBXFileReference section */

/* Begin PBXFrameworksBuildPhase section */
		8F0B6DFE28CF0C69007DCD4E /* Frameworks */ = {
			isa = PBXFrameworksBuildPhase;
			buildActionMask = 2147483647;
			files = (
				6606CF4321D427BF8E3F1420 /* Pods_FlashChat.framework in Frameworks */,
				8F6D286F28D157E200DBE004 /* FirebaseAuth in Frameworks */,
				8F6D287128D157E200DBE004 /* FirebaseFirestore in Frameworks */,
			);
			runOnlyForDeploymentPostprocessing = 0;
		};
/* End PBXFrameworksBuildPhase section */

/* Begin PBXGroup section */
		2CBBF1E334BD14FC73194AE7 /* Frameworks */ = {
			isa = PBXGroup;
			children = (
				713D667CCEF33C29A6823B22 /* Pods_FlashChat.framework */,
			);
			name = Frameworks;
			sourceTree = "<group>";
		};
		8F0B6DF828CF0C69007DCD4E = {
			isa = PBXGroup;
			children = (
				8F0B6E0328CF0C69007DCD4E /* FlashChat */,
				8F0B6E0228CF0C69007DCD4E /* Products */,
				E5701CC188B82EE28EAAADD3 /* Pods */,
				2CBBF1E334BD14FC73194AE7 /* Frameworks */,
			);
			sourceTree = "<group>";
		};
		8F0B6E0228CF0C69007DCD4E /* Products */ = {
			isa = PBXGroup;
			children = (
				8F0B6E0128CF0C69007DCD4E /* FlashChat.app */,
			);
			name = Products;
			sourceTree = "<group>";
		};
		8F0B6E0328CF0C69007DCD4E /* FlashChat */ = {
			isa = PBXGroup;
			children = (
				8F0B6E0428CF0C69007DCD4E /* AppDelegate.swift */,
				8F0B6E0628CF0C69007DCD4E /* SceneDelegate.swift */,
				8F0B6E1B28CF346F007DCD4E /* Model */,
				8F0B6E1A28CF3466007DCD4E /* View */,
				8F0B6E1C28CF3548007DCD4E /* Controllers */,
				8F0B6E0D28CF0C6A007DCD4E /* Assets.xcassets */,
				8F0B6E0F28CF0C6A007DCD4E /* LaunchScreen.storyboard */,
				8F0B6E1228CF0C6A007DCD4E /* Info.plist */,
				8F48E0B328D161C3000C1E62 /* GoogleService-Info.plist */,
			);
			path = FlashChat;
			sourceTree = "<group>";
		};
		8F0B6E1A28CF3466007DCD4E /* View */ = {
			isa = PBXGroup;
			children = (
				8F0B6E0A28CF0C69007DCD4E /* Main.storyboard */,
			);
			path = View;
			sourceTree = "<group>";
		};
		8F0B6E1B28CF346F007DCD4E /* Model */ = {
			isa = PBXGroup;
			children = (
			);
			path = Model;
			sourceTree = "<group>";
		};
		8F0B6E1C28CF3548007DCD4E /* Controllers */ = {
			isa = PBXGroup;
			children = (
				8F0B6E1E28CF3556007DCD4E /* WelcomeViewController.swift */,
				8F0B6E2028CF3556007DCD4E /* RegisterViewController.swift */,
				8F0B6E1D28CF3556007DCD4E /* LoginViewController.swift */,
				8F0B6E1F28CF3556007DCD4E /* ChatViewController.swift */,
			);
			path = Controllers;
			sourceTree = "<group>";
		};
		E5701CC188B82EE28EAAADD3 /* Pods */ = {
			isa = PBXGroup;
			children = (
				DD90B74087943AEE35CBEB02 /* Pods-FlashChat.debug.xcconfig */,
				AF0ED95960C2C553BE5125D3 /* Pods-FlashChat.release.xcconfig */,
			);
			path = Pods;
			sourceTree = "<group>";
		};
/* End PBXGroup section */

/* Begin PBXNativeTarget section */
		8F0B6E0028CF0C69007DCD4E /* FlashChat */ = {
			isa = PBXNativeTarget;
			buildConfigurationList = 8F0B6E1528CF0C6A007DCD4E /* Build configuration list for PBXNativeTarget "FlashChat" */;
			buildPhases = (
				B0C394A8715742A3EFEA69B3 /* [CP] Check Pods Manifest.lock */,
				8F0B6DFD28CF0C69007DCD4E /* Sources */,
				8F0B6DFE28CF0C69007DCD4E /* Frameworks */,
				8F0B6DFF28CF0C69007DCD4E /* Resources */,
				0A0AD45F3E2DC9AA2D67306B /* [CP] Embed Pods Frameworks */,
			);
			buildRules = (
			);
			dependencies = (
			);
			name = FlashChat;
			packageProductDependencies = (
				8F6D286E28D157E200DBE004 /* FirebaseAuth */,
				8F6D287028D157E200DBE004 /* FirebaseFirestore */,
			);
			productName = FlashChat;
			productReference = 8F0B6E0128CF0C69007DCD4E /* FlashChat.app */;
			productType = "com.apple.product-type.application";
		};
/* End PBXNativeTarget section */

/* Begin PBXProject section */
		8F0B6DF928CF0C69007DCD4E /* Project object */ = {
			isa = PBXProject;
			attributes = {
				BuildIndependentTargetsInParallel = 1;
				LastSwiftUpdateCheck = 1340;
				LastUpgradeCheck = 1340;
				TargetAttributes = {
					8F0B6E0028CF0C69007DCD4E = {
						CreatedOnToolsVersion = 13.4.1;
					};
				};
			};
			buildConfigurationList = 8F0B6DFC28CF0C69007DCD4E /* Build configuration list for PBXProject "FlashChat" */;
			compatibilityVersion = "Xcode 13.0";
			developmentRegion = en;
			hasScannedForEncodings = 0;
			knownRegions = (
				en,
				Base,
			);
			mainGroup = 8F0B6DF828CF0C69007DCD4E;
			packageReferences = (
				8F6D286D28D157E200DBE004 /* XCRemoteSwiftPackageReference "firebase-ios-sdk" */,
			);
			productRefGroup = 8F0B6E0228CF0C69007DCD4E /* Products */;
			projectDirPath = "";
			projectRoot = "";
			targets = (
				8F0B6E0028CF0C69007DCD4E /* FlashChat */,
			);
		};
/* End PBXProject section */

/* Begin PBXResourcesBuildPhase section */
		8F0B6DFF28CF0C69007DCD4E /* Resources */ = {
			isa = PBXResourcesBuildPhase;
			buildActionMask = 2147483647;
			files = (
				8F0B6E1128CF0C6A007DCD4E /* LaunchScreen.storyboard in Resources */,
				8F48E0B428D161C3000C1E62 /* GoogleService-Info.plist in Resources */,
				8F0B6E0E28CF0C6A007DCD4E /* Assets.xcassets in Resources */,
				8F0B6E0C28CF0C69007DCD4E /* Main.storyboard in Resources */,
			);
			runOnlyForDeploymentPostprocessing = 0;
		};
/* End PBXResourcesBuildPhase section */

/* Begin PBXShellScriptBuildPhase section */
		0A0AD45F3E2DC9AA2D67306B /* [CP] Embed Pods Frameworks */ = {
			isa = PBXShellScriptBuildPhase;
			buildActionMask = 2147483647;
			files = (
			);
			inputFileListPaths = (
				"${PODS_ROOT}/Target Support Files/Pods-FlashChat/Pods-FlashChat-frameworks-${CONFIGURATION}-input-files.xcfilelist",
			);
			name = "[CP] Embed Pods Frameworks";
			outputFileListPaths = (
				"${PODS_ROOT}/Target Support Files/Pods-FlashChat/Pods-FlashChat-frameworks-${CONFIGURATION}-output-files.xcfilelist",
			);
			runOnlyForDeploymentPostprocessing = 0;
			shellPath = /bin/sh;
			shellScript = "\"${PODS_ROOT}/Target Support Files/Pods-FlashChat/Pods-FlashChat-frameworks.sh\"\n";
			showEnvVarsInLog = 0;
		};
		B0C394A8715742A3EFEA69B3 /* [CP] Check Pods Manifest.lock */ = {
			isa = PBXShellScriptBuildPhase;
			buildActionMask = 2147483647;
			files = (
			);
			inputFileListPaths = (
			);
			inputPaths = (
				"${PODS_PODFILE_DIR_PATH}/Podfile.lock",
				"${PODS_ROOT}/Manifest.lock",
			);
			name = "[CP] Check Pods Manifest.lock";
			outputFileListPaths = (
			);
			outputPaths = (
				"$(DERIVED_FILE_DIR)/Pods-FlashChat-checkManifestLockResult.txt",
			);
			runOnlyForDeploymentPostprocessing = 0;
			shellPath = /bin/sh;
			shellScript = "diff \"${PODS_PODFILE_DIR_PATH}/Podfile.lock\" \"${PODS_ROOT}/Manifest.lock\" > /dev/null\nif [ $? != 0 ] ; then\n    # print error to STDERR\n    echo \"error: The sandbox is not in sync with the Podfile.lock. Run 'pod install' or update your CocoaPods installation.\" >&2\n    exit 1\nfi\n# This output is used by Xcode 'outputs' to avoid re-running this script phase.\necho \"SUCCESS\" > \"${SCRIPT_OUTPUT_FILE_0}\"\n";
			showEnvVarsInLog = 0;
		};
/* End PBXShellScriptBuildPhase section */

/* Begin PBXSourcesBuildPhase section */
		8F0B6DFD28CF0C69007DCD4E /* Sources */ = {
			isa = PBXSourcesBuildPhase;
			buildActionMask = 2147483647;
			files = (
				8F0B6E2128CF3556007DCD4E /* LoginViewController.swift in Sources */,
				8F0B6E2228CF3556007DCD4E /* WelcomeViewController.swift in Sources */,
				8F0B6E0528CF0C69007DCD4E /* AppDelegate.swift in Sources */,
				8F0B6E2428CF3556007DCD4E /* RegisterViewController.swift in Sources */,
				8F0B6E2328CF3556007DCD4E /* ChatViewController.swift in Sources */,
				8F0B6E0728CF0C69007DCD4E /* SceneDelegate.swift in Sources */,
			);
			runOnlyForDeploymentPostprocessing = 0;
		};
/* End PBXSourcesBuildPhase section */

/* Begin PBXVariantGroup section */
		8F0B6E0A28CF0C69007DCD4E /* Main.storyboard */ = {
			isa = PBXVariantGroup;
			children = (
				8F0B6E0B28CF0C69007DCD4E /* Base */,
			);
			name = Main.storyboard;
			sourceTree = "<group>";
		};
		8F0B6E0F28CF0C6A007DCD4E /* LaunchScreen.storyboard */ = {
			isa = PBXVariantGroup;
			children = (
				8F0B6E1028CF0C6A007DCD4E /* Base */,
			);
			name = LaunchScreen.storyboard;
			sourceTree = "<group>";
		};
/* End PBXVariantGroup section */

/* Begin XCBuildConfiguration section */
		8F0B6E1328CF0C6A007DCD4E /* Debug */ = {
			isa = XCBuildConfiguration;
			buildSettings = {
				ALWAYS_SEARCH_USER_PATHS = NO;
				CLANG_ANALYZER_NONNULL = YES;
				CLANG_ANALYZER_NUMBER_OBJECT_CONVERSION = YES_AGGRESSIVE;
				CLANG_CXX_LANGUAGE_STANDARD = "gnu++17";
				CLANG_ENABLE_MODULES = YES;
				CLANG_ENABLE_OBJC_ARC = YES;
				CLANG_ENABLE_OBJC_WEAK = YES;
				CLANG_WARN_BLOCK_CAPTURE_AUTORELEASING = YES;
				CLANG_WARN_BOOL_CONVERSION = YES;
				CLANG_WARN_COMMA = YES;
				CLANG_WARN_CONSTANT_CONVERSION = YES;
				CLANG_WARN_DEPRECATED_OBJC_IMPLEMENTATIONS = YES;
				CLANG_WARN_DIRECT_OBJC_ISA_USAGE = YES_ERROR;
				CLANG_WARN_DOCUMENTATION_COMMENTS = YES;
				CLANG_WARN_EMPTY_BODY = YES;
				CLANG_WARN_ENUM_CONVERSION = YES;
				CLANG_WARN_INFINITE_RECURSION = YES;
				CLANG_WARN_INT_CONVERSION = YES;
				CLANG_WARN_NON_LITERAL_NULL_CONVERSION = YES;
				CLANG_WARN_OBJC_IMPLICIT_RETAIN_SELF = YES;
				CLANG_WARN_OBJC_LITERAL_CONVERSION = YES;
				CLANG_WARN_OBJC_ROOT_CLASS = YES_ERROR;
				CLANG_WARN_QUOTED_INCLUDE_IN_FRAMEWORK_HEADER = YES;
				CLANG_WARN_RANGE_LOOP_ANALYSIS = YES;
				CLANG_WARN_STRICT_PROTOTYPES = YES;
				CLANG_WARN_SUSPICIOUS_MOVE = YES;
				CLANG_WARN_UNGUARDED_AVAILABILITY = YES_AGGRESSIVE;
				CLANG_WARN_UNREACHABLE_CODE = YES;
				CLANG_WARN__DUPLICATE_METHOD_MATCH = YES;
				COPY_PHASE_STRIP = NO;
				DEBUG_INFORMATION_FORMAT = dwarf;
				ENABLE_STRICT_OBJC_MSGSEND = YES;
				ENABLE_TESTABILITY = YES;
				GCC_C_LANGUAGE_STANDARD = gnu11;
				GCC_DYNAMIC_NO_PIC = NO;
				GCC_NO_COMMON_BLOCKS = YES;
				GCC_OPTIMIZATION_LEVEL = 0;
				GCC_PREPROCESSOR_DEFINITIONS = (
					"DEBUG=1",
					"$(inherited)",
				);
				GCC_WARN_64_TO_32_BIT_CONVERSION = YES;
				GCC_WARN_ABOUT_RETURN_TYPE = YES_ERROR;
				GCC_WARN_UNDECLARED_SELECTOR = YES;
				GCC_WARN_UNINITIALIZED_AUTOS = YES_AGGRESSIVE;
				GCC_WARN_UNUSED_FUNCTION = YES;
				GCC_WARN_UNUSED_VARIABLE = YES;
				IPHONEOS_DEPLOYMENT_TARGET = 15.5;
				MTL_ENABLE_DEBUG_INFO = INCLUDE_SOURCE;
				MTL_FAST_MATH = YES;
				ONLY_ACTIVE_ARCH = YES;
				SDKROOT = iphoneos;
				SWIFT_ACTIVE_COMPILATION_CONDITIONS = DEBUG;
				SWIFT_OPTIMIZATION_LEVEL = "-Onone";
			};
			name = Debug;
		};
		8F0B6E1428CF0C6A007DCD4E /* Release */ = {
			isa = XCBuildConfiguration;
			buildSettings = {
				ALWAYS_SEARCH_USER_PATHS = NO;
				CLANG_ANALYZER_NONNULL = YES;
				CLANG_ANALYZER_NUMBER_OBJECT_CONVERSION = YES_AGGRESSIVE;
				CLANG_CXX_LANGUAGE_STANDARD = "gnu++17";
				CLANG_ENABLE_MODULES = YES;
				CLANG_ENABLE_OBJC_ARC = YES;
				CLANG_ENABLE_OBJC_WEAK = YES;
				CLANG_WARN_BLOCK_CAPTURE_AUTORELEASING = YES;
				CLANG_WARN_BOOL_CONVERSION = YES;
				CLANG_WARN_COMMA = YES;
				CLANG_WARN_CONSTANT_CONVERSION = YES;
				CLANG_WARN_DEPRECATED_OBJC_IMPLEMENTATIONS = YES;
				CLANG_WARN_DIRECT_OBJC_ISA_USAGE = YES_ERROR;
				CLANG_WARN_DOCUMENTATION_COMMENTS = YES;
				CLANG_WARN_EMPTY_BODY = YES;
				CLANG_WARN_ENUM_CONVERSION = YES;
				CLANG_WARN_INFINITE_RECURSION = YES;
				CLANG_WARN_INT_CONVERSION = YES;
				CLANG_WARN_NON_LITERAL_NULL_CONVERSION = YES;
				CLANG_WARN_OBJC_IMPLICIT_RETAIN_SELF = YES;
				CLANG_WARN_OBJC_LITERAL_CONVERSION = YES;
				CLANG_WARN_OBJC_ROOT_CLASS = YES_ERROR;
				CLANG_WARN_QUOTED_INCLUDE_IN_FRAMEWORK_HEADER = YES;
				CLANG_WARN_RANGE_LOOP_ANALYSIS = YES;
				CLANG_WARN_STRICT_PROTOTYPES = YES;
				CLANG_WARN_SUSPICIOUS_MOVE = YES;
				CLANG_WARN_UNGUARDED_AVAILABILITY = YES_AGGRESSIVE;
				CLANG_WARN_UNREACHABLE_CODE = YES;
				CLANG_WARN__DUPLICATE_METHOD_MATCH = YES;
				COPY_PHASE_STRIP = NO;
				DEBUG_INFORMATION_FORMAT = "dwarf-with-dsym";
				ENABLE_NS_ASSERTIONS = NO;
				ENABLE_STRICT_OBJC_MSGSEND = YES;
				GCC_C_LANGUAGE_STANDARD = gnu11;
				GCC_NO_COMMON_BLOCKS = YES;
				GCC_WARN_64_TO_32_BIT_CONVERSION = YES;
				GCC_WARN_ABOUT_RETURN_TYPE = YES_ERROR;
				GCC_WARN_UNDECLARED_SELECTOR = YES;
				GCC_WARN_UNINITIALIZED_AUTOS = YES_AGGRESSIVE;
				GCC_WARN_UNUSED_FUNCTION = YES;
				GCC_WARN_UNUSED_VARIABLE = YES;
				IPHONEOS_DEPLOYMENT_TARGET = 15.5;
				MTL_ENABLE_DEBUG_INFO = NO;
				MTL_FAST_MATH = YES;
				SDKROOT = iphoneos;
				SWIFT_COMPILATION_MODE = wholemodule;
				SWIFT_OPTIMIZATION_LEVEL = "-O";
				VALIDATE_PRODUCT = YES;
			};
			name = Release;
		};
		8F0B6E1628CF0C6A007DCD4E /* Debug */ = {
			isa = XCBuildConfiguration;
			baseConfigurationReference = DD90B74087943AEE35CBEB02 /* Pods-FlashChat.debug.xcconfig */;
			buildSettings = {
				ASSETCATALOG_COMPILER_APPICON_NAME = AppIcon;
				ASSETCATALOG_COMPILER_GLOBAL_ACCENT_COLOR_NAME = AccentColor;
				CODE_SIGN_STYLE = Automatic;
				CURRENT_PROJECT_VERSION = 1;
				DEVELOPMENT_TEAM = 67Y666X7TJ;
				GENERATE_INFOPLIST_FILE = YES;
				INFOPLIST_FILE = FlashChat/Info.plist;
				INFOPLIST_KEY_UIApplicationSupportsIndirectInputEvents = YES;
				INFOPLIST_KEY_UILaunchStoryboardName = LaunchScreen;
				INFOPLIST_KEY_UIMainStoryboardFile = Main;
				INFOPLIST_KEY_UISupportedInterfaceOrientations_iPad = "UIInterfaceOrientationPortrait UIInterfaceOrientationPortraitUpsideDown UIInterfaceOrientationLandscapeLeft UIInterfaceOrientationLandscapeRight";
				INFOPLIST_KEY_UISupportedInterfaceOrientations_iPhone = "UIInterfaceOrientationPortrait UIInterfaceOrientationLandscapeLeft UIInterfaceOrientationLandscapeRight";
				LD_RUNPATH_SEARCH_PATHS = (
					"$(inherited)",
					"@executable_path/Frameworks",
				);
				MARKETING_VERSION = 1.0;
				PRODUCT_BUNDLE_IDENTIFIER = com.ziddan.FlashChat;
				PRODUCT_NAME = "$(TARGET_NAME)";
				SWIFT_EMIT_LOC_STRINGS = YES;
				SWIFT_VERSION = 5.0;
				TARGETED_DEVICE_FAMILY = "1,2";
			};
			name = Debug;
		};
		8F0B6E1728CF0C6A007DCD4E /* Release */ = {
			isa = XCBuildConfiguration;
			baseConfigurationReference = AF0ED95960C2C553BE5125D3 /* Pods-FlashChat.release.xcconfig */;
			buildSettings = {
				ASSETCATALOG_COMPILER_APPICON_NAME = AppIcon;
				ASSETCATALOG_COMPILER_GLOBAL_ACCENT_COLOR_NAME = AccentColor;
				CODE_SIGN_STYLE = Automatic;
				CURRENT_PROJECT_VERSION = 1;
				DEVELOPMENT_TEAM = 67Y666X7TJ;
				GENERATE_INFOPLIST_FILE = YES;
				INFOPLIST_FILE = FlashChat/Info.plist;
				INFOPLIST_KEY_UIApplicationSupportsIndirectInputEvents = YES;
				INFOPLIST_KEY_UILaunchStoryboardName = LaunchScreen;
				INFOPLIST_KEY_UIMainStoryboardFile = Main;
				INFOPLIST_KEY_UISupportedInterfaceOrientations_iPad = "UIInterfaceOrientationPortrait UIInterfaceOrientationPortraitUpsideDown UIInterfaceOrientationLandscapeLeft UIInterfaceOrientationLandscapeRight";
				INFOPLIST_KEY_UISupportedInterfaceOrientations_iPhone = "UIInterfaceOrientationPortrait UIInterfaceOrientationLandscapeLeft UIInterfaceOrientationLandscapeRight";
				LD_RUNPATH_SEARCH_PATHS = (
					"$(inherited)",
					"@executable_path/Frameworks",
				);
				MARKETING_VERSION = 1.0;
				PRODUCT_BUNDLE_IDENTIFIER = com.ziddan.FlashChat;
				PRODUCT_NAME = "$(TARGET_NAME)";
				SWIFT_EMIT_LOC_STRINGS = YES;
				SWIFT_VERSION = 5.0;
				TARGETED_DEVICE_FAMILY = "1,2";
			};
			name = Release;
		};
/* End XCBuildConfiguration section */

/* Begin XCConfigurationList section */
		8F0B6DFC28CF0C69007DCD4E /* Build configuration list for PBXProject "FlashChat" */ = {
			isa = XCConfigurationList;
			buildConfigurations = (
				8F0B6E1328CF0C6A007DCD4E /* Debug */,
				8F0B6E1428CF0C6A007DCD4E /* Release */,
			);
			defaultConfigurationIsVisible = 0;
			defaultConfigurationName = Release;
		};
		8F0B6E1528CF0C6A007DCD4E /* Build configuration list for PBXNativeTarget "FlashChat" */ = {
			isa = XCConfigurationList;
			buildConfigurations = (
				8F0B6E1628CF0C6A007DCD4E /* Debug */,
				8F0B6E1728CF0C6A007DCD4E /* Release */,
			);
			defaultConfigurationIsVisible = 0;
			defaultConfigurationName = Release;
		};
/* End XCConfigurationList section */

/* Begin XCRemoteSwiftPackageReference section */
		8F6D286D28D157E200DBE004 /* XCRemoteSwiftPackageReference "firebase-ios-sdk" */ = {
			isa = XCRemoteSwiftPackageReference;
			repositoryURL = "https://github.com/firebase/firebase-ios-sdk";
			requirement = {
				kind = upToNextMajorVersion;
				minimumVersion = 9.0.0;
			};
		};
/* End XCRemoteSwiftPackageReference section */

/* Begin XCSwiftPackageProductDependency section */
		8F6D286E28D157E200DBE004 /* FirebaseAuth */ = {
			isa = XCSwiftPackageProductDependency;
			package = 8F6D286D28D157E200DBE004 /* XCRemoteSwiftPackageReference "firebase-ios-sdk" */;
			productName = FirebaseAuth;
		};
		8F6D287028D157E200DBE004 /* FirebaseFirestore */ = {
			isa = XCSwiftPackageProductDependency;
			package = 8F6D286D28D157E200DBE004 /* XCRemoteSwiftPackageReference "firebase-ios-sdk" */;
			productName = FirebaseFirestore;
		};
/* End XCSwiftPackageProductDependency section */
	};
	rootObject = 8F0B6DF928CF0C69007DCD4E /* Project object */;
}
